# This file is automatically @generated by Cargo.
# It is not intended for manual editing.
version = 4

[[package]]
name = "bitflags"
version = "2.13.2"
source = "registry+https://github.com/rust-lang/crates.io-index"
checksum = "3ded4057c258ba199e2d26386d3af3780957ecaee6c4ef4041c6b4b8b97c0b06"

[[package]]
name = "card-ag"
version = "0.1.0"
dependencies = [
 "card-sdk",
]

[[package]]
name = "card-all"
version = "0.1.0"
dependencies = [
 "card-ag",
 "card-crychic",
 "card-general",
 "card-hhw",
 "card-morfonica",
 "card-mujica",
 "card-mygo",
 "card-pp",
 "card-ppp",
 "card-ras",
 "card-roselia",
 "card-sdk",
 "card-sumimi",
]

[[package]]
name = "card-crychic"
version = "0.1.0"
dependencies = [
 "card-sdk",
]

[[package]]
name = "card-general"
version = "0.1.0"
dependencies = [
 "card-sdk",
]

[[package]]
name = "card-hhw"
version = "0.1.0"
dependencies = [
 "card-sdk",
]

[[package]]
name = "card-morfonica"
version = "0.1.0"
dependencies = [
 "card-sdk",
]

[[package]]
name = "card-mujica"
version = "0.1.0"
dependencies = [
 "card-sdk",
]

[[package]]
name = "card-mygo"
version = "0.1.0"
dependencies = [
 "card-sdk",
]

[[package]]
name = "card-pp"
version = "0.1.0"
dependencies = [
 "card-sdk",
]

[[package]]
name = "card-ppp"
version = "0.1.0"
dependencies = [
 "card-sdk",
]

[[package]]
name = "card-ras"
version = "0.1.0"
dependencies = [
 "card-sdk",
]

[[package]]
name = "card-roselia"
version = "0.1.0"
dependencies = [
 "card-sdk",
]

[[package]]
name = "card-sdk"
version = "0.1.0"
dependencies = [
 "bitflags",
 "postcard",
 "serde",
]

[[package]]
name = "card-sumimi"
version = "0.1.0"
dependencies = [
 "card-sdk",
]

[[package]]
name = "cobs"
version = "0.3.0"
source = "registry+https://github.com/rust-lang/crates.io-index"
checksum = "0fa961b519f0b462e3a3b4a34b64d119eeaca1d59af726fe450bbba07a9fc0a1"
dependencies = [
 "thiserror",
]

[[package]]
name = "embedded-io"
version = "0.4.0"
source = "registry+https://github.com/rust-lang/crates.io-index"
checksum = "ef1a6892d9eef45c8fa6b9e0086428a2cca8491aca8f787c534a3d6d0bcb3ced"

[[package]]
name = "embedded-io"
version = "0.6.1"
source = "registry+https://github.com/rust-lang/crates.io-index"
checksum = "edd0f118536f44f5ccd48bcb8b111bdc3de888b58c74639dfb034a357d0f206d"

[[package]]
name = "fixture-test-cards"
version = "0.1.0"
dependencies = [
 "card-sdk",
]

[[package]]
name = "postcard"
version = "1.1.3"
source = "registry+https://github.com/rust-lang/crates.io-index"
checksum = "6764c3b5dd454e283a30e6dfe78e9b31096d9e32036b5d1eaac7a6119ccb9a24"
dependencies = [
 "cobs",
 "embedded-io 0.4.0",
 "embedded-io 0.6.1",
 "serde",
]

[[package]]
name = "proc-macro2"
version = "1.0.107"
source = "registry+https://github.com/rust-lang/crates.io-index"
checksum = "985e7ec9bb745e6ce6535b544d84d6cd6f7ad8bd711c398938ae983b91a766d9"
dependencies = [
 "unicode-ident",
]

[[package]]
name = "quote"
version = "1.0.47"
source = "registry+https://github.com/rust-lang/crates.io-index"
checksum = "1fbf4db142a473a8d80c26bbf18454ed458bf8d26c8219c331daecfdbd079001"
dependencies = [
 "proc-macro2",
]

[[package]]
name = "serde"
version = "1.0.229"
source = "registry+https://github.com/rust-lang/crates.io-index"
checksum = "4148590afebada386688f18773da617792bf2ef03ffc1e4cbd2b1d45b023e0ba"
dependencies = [
 "serde_core",
 "serde_derive",
]

[[package]]
name = "serde_core"
version = "1.0.229"
source = "registry+https://github.com/rust-lang/crates.io-index"
checksum = "67dca2c9c51e58a4791a4b1ed58308b39c64224d349a935ab5039aa360942a48"
dependencies = [
 "serde_derive",
]

[[package]]
name = "serde_derive"
version = "1.0.229"
source = "registry+https://github.com/rust-lang/crates.io-index"
checksum = "e7a5d71263a5a7d47b41f6b3f06ba276f10cc18b0931f1799f710578e2309348"
dependencies = [
 "proc-macro2",
 "quote",
 "syn",
]

[[package]]
name = "syn"
version = "3.0.6"
source = "registry+https://github.com/rust-lang/crates.io-index"
checksum = "8593e8e72159ed2257d083c7a454a85cbf854f37a0966d8d483aff8c8a3ebcee"
dependencies = [
 "proc-macro2",
 "quote",
 "unicode-ident",
]

[[package]]
name = "thiserror"
version = "2.0.21"
source = "registry+https://github.com/rust-lang/crates.io-index"
checksum = "09e52cb86a36cede5cb101bf8908837b3e4c6e5e59fe7fd85c23fb56200d189e"
dependencies = [
 "thiserror-impl",
]

[[package]]
name = "thiserror-impl"
version = "2.0.21"
source = "registry+https://github.com/rust-lang/crates.io-index"
checksum = "fe5197923287db20a58125f0bc85c062f7f2c892de97b18c356f9efb14b28524"
dependencies = [
 "proc-macro2",
 "quote",
 "syn",
]

[[package]]
name = "unicode-ident"
version = "1.0.26"
source = "registry+https://github.com/rust-lang/crates.io-index"
checksum = "d245f478577f809a851594d02313b640fb437e0bb33866753cff937863096954"
